// !$*UTF8*$!
{
	archiveVersion = 1;
	classes = {
	};
	objectVersion = 46;
	objects = {

/* Begin PBXBuildFile section */
		CDA0BB0E1FEE38570017B765 /* AppDelegate.swift in Sources */ = {isa = PBXBuildFile; fileRef = CDA0BB0D1FEE38570017B765 /* AppDelegate.swift */; };
		CDA0BB101FEE38570017B765 /* ViewController.swift in Sources */ = {isa = PBXBuildFile; fileRef = CDA0BB0F1FEE38570017B765 /* ViewController.swift */; };
		CDA0BB131FEE38570017B765 /* Main.storyboard in Resources */ = {isa = PBXBuildFile; fileRef = CDA0BB111FEE38570017B765 /* Main.storyboard */; };
		CDA0BB161FEE38570017B765 /* PrettyDog.xcdatamodeld in Sources */ = {isa = PBXBuildFile; fileRef = CDA0BB141FEE38570017B765 /* PrettyDog.xcdatamodeld */; };
		CDA0BB181FEE38570017B765 /* Assets.xcassets in Resources */ = {isa = PBXBuildFile; fileRef = CDA0BB171FEE38570017B765 /* Assets.xcassets */; };
		CDA0BB1B1FEE38570017B765 /* LaunchScreen.storyboard in Resources */ = {isa = PBXBuildFile; fileRef = CDA0BB191FEE38570017B765 /* LaunchScreen.storyboard */; };
/* End PBXBuildFile section */

/* Begin PBXFileReference section */
		CDA0BB0A1FEE38570017B765 /* PrettyDog.app */ = {isa = PBXFileReference; explicitFileType = wrapper.application; includeInIndex = 0; path = PrettyDog.app; sourceTree = BUILT_PRODUCTS_DIR; };
		CDA0BB0D1FEE38570017B765 /* AppDelegate.swift */ = {isa = PBXFileReference; lastKnownFileType = sourcecode.swift; path = AppDelegate.swift; sourceTree = "<group>"; };
		CDA0BB0F1FEE38570017B765 /* ViewController.swift */ = {isa = PBXFileReference; lastKnownFileType = sourcecode.swift; path = ViewController.swift; sourceTree = "<group>"; };
		CDA0BB121FEE38570017B765 /* Base */ = {isa = PBXFileReference; lastKnownFileType = file.storyboard; name = Base; path = Base.lproj/Main.storyboard; sourceTree = "<group>"; };
		CDA0BB151FEE38570017B765 /* PrettyDog.xcdatamodel */ = {isa = PBXFileReference; lastKnownFileType = wrapper.xcdatamodel; path = PrettyDog.xcdatamodel; sourceTree = "<group>"; };
		CDA0BB171FEE38570017B765 /* Assets.xcassets */ = {isa = PBXFileReference; lastKnownFileType = folder.assetcatalog; path = Assets.xcassets; sourceTree = "<group>"; };
		CDA0BB1A1FEE38570017B765 /* Base */ = {isa = PBXFileReference; lastKnownFileType = file.storyboard; name = Base; path = Base.lproj/LaunchScreen.storyboard; sourceTree = "<group>"; };
		CDA0BB1C1FEE38570017B765 /* Info.plist */ = {isa = PBXFileReference; lastKnownFileType = text.plist.xml; path = Info.plist; sourceTree = "<group>"; };
/* End PBXFileReference section */

/* Begin PBXFrameworksBuildPhase section */
		CDA0BB071FEE38570017B765 /* Frameworks */ = {
			isa = PBXFrameworksBuildPhase;
			buildActionMask = 2147483647;
			files = (
			);
			runOnlyForDeploymentPostprocessing = 0;
		};
/* End PBXFrameworksBuildPhase section */

/* Begin PBXGroup section */
		CDA0BB011FEE38570017B765 = {
			isa = PBXGroup;
			children = (
				CDA0BB0C1FEE38570017B765 /* PrettyDog */,
				CDA0BB0B1FEE38570017B765 /* Products */,
			);
			sourceTree = "<group>";
		};
		CDA0BB0B1FEE38570017B765 /* Products */ = {
			isa = PBXGroup;
			children = (
				CDA0BB0A1FEE38570017B765 /* PrettyDog.app */,
			);
			name = Products;
			sourceTree = "<group>";
		};
		CDA0BB0C1FEE38570017B765 /* PrettyDog */ = {
			isa = PBXGroup;
			children = (
				CDA0BB0D1FEE38570017B765 /* AppDelegate.swift */,
				CDA0BB0F1FEE38570017B765 /* ViewController.swift */,
				CDA0BB111FEE38570017B765 /* Main.storyboard */,
				CDA0BB171FEE38570017B765 /* Assets.xcassets */,
				CDA0BB191FEE38570017B765 /* LaunchScreen.storyboard */,
				CDA0BB1C1FEE38570017B765 /* Info.plist */,
				CDA0BB141FEE38570017B765 /* PrettyDog.xcdatamodeld */,
			);
			path = PrettyDog;
			sourceTree = "<group>";
		};
/* End PBXGroup section */

/* Begin PBXNativeTarget section */
		CDA0BB091FEE38570017B765 /* PrettyDog */ = {
			isa = PBXNativeTarget;
			buildConfigurationList = CDA0BB1F1FEE38570017B765 /* Build configuration list for PBXNativeTarget "PrettyDog" */;
			buildPhases = (
				CDA0BB061FEE38570017B765 /* Sources */,
				CDA0BB071FEE38570017B765 /* Frameworks */,
				CDA0BB081FEE38570017B765 /* Resources */,
			);
			buildRules = (
			);
			dependencies = (
			);
			name = PrettyDog;
			productName = PrettyDog;
			productReference = CDA0BB0A1FEE38570017B765 /* PrettyDog.app */;
			productType = "com.apple.product-type.application";
		};
/* End PBXNativeTarget section */

/* Begin PBXProject section */
		CDA0BB021FEE38570017B765 /* Project object */ = {
			isa = PBXProject;
			attributes = {
				LastSwiftUpdateCheck = 0830;
				LastUpgradeCheck = 0830;
				ORGANIZATIONNAME = SWUCOMPUTER;
				TargetAttributes = {
					CDA0BB091FEE38570017B765 = {
						CreatedOnToolsVersion = 8.3.3;
						ProvisioningStyle = Automatic;
					};
				};
			};
			buildConfigurationList = CDA0BB051FEE38570017B765 /* Build configuration list for PBXProject "PrettyDog" */;
			compatibilityVersion = "Xcode 3.2";
			developmentRegion = English;
			hasScannedForEncodings = 0;
			knownRegions = (
				en,
				Base,
			);
			mainGroup = CDA0BB011FEE38570017B765;
			productRefGroup = CDA0BB0B1FEE38570017B765 /* Products */;
			projectDirPath = "";
			projectRoot = "";
			targets = (
				CDA0BB091FEE38570017B765 /* PrettyDog */,
			);
		};
/* End PBXProject section */

/* Begin PBXResourcesBuildPhase section */
		CDA0BB081FEE38570017B765 /* Resources */ = {
			isa = PBXResourcesBuildPhase;
			buildActionMask = 2147483647;
			files = (
				CDA0BB1B1FEE38570017B765 /* LaunchScreen.storyboard in Resources */,
				CDA0BB181FEE38570017B765 /* Assets.xcassets in Resources */,
				CDA0BB131FEE38570017B765 /* Main.storyboard in Resources */,
			);
			runOnlyForDeploymentPostprocessing = 0;
		};
/* End PBXResourcesBuildPhase section */

/* Begin PBXSourcesBuildPhase section */
		CDA0BB061FEE38570017B765 /* Sources */ = {
			isa = PBXSourcesBuildPhase;
			buildActionMask = 2147483647;
			files = (
				CDA0BB101FEE38570017B765 /* ViewController.swift in Sources */,
				CDA0BB0E1FEE38570017B765 /* AppDelegate.swift in Sources */,
				CDA0BB161FEE38570017B765 /* PrettyDog.xcdatamodeld in Sources */,
			);
			runOnlyForDeploymentPostprocessing = 0;
		};
/* End PBXSourcesBuildPhase section */

/* Begin PBXVariantGroup section */
		CDA0BB111FEE38570017B765 /* Main.storyboard */ = {
			isa = PBXVariantGroup;
			children = (
				CDA0BB121FEE38570017B765 /* Base */,
			);
			name = Main.storyboard;
			sourceTree = "<group>";
		};
		CDA0BB191FEE38570017B765 /* LaunchScreen.storyboard */ = {
			isa = PBXVariantGroup;
			children = (
				CDA0BB1A1FEE38570017B765 /* Base */,
			);
			name = LaunchScreen.storyboard;
			sourceTree = "<group>";
		};
/* End PBXVariantGroup section */

/* Begin XCBuildConfiguration section */
		CDA0BB1D1FEE38570017B765 /* Debug */ = {
			isa = XCBuildConfiguration;
			buildSettings = {
				ALWAYS_SEARCH_USER_PATHS = NO;
				CLANG_ANALYZER_NONNULL = YES;
				CLANG_ANALYZER_NUMBER_OBJECT_CONVERSION = YES_AGGRESSIVE;
				CLANG_CXX_LANGUAGE_STANDARD = "gnu++0x";
				CLANG_CXX_LIBRARY = "libc++";
				CLANG_ENABLE_MODULES = YES;
				CLANG_ENABLE_OBJC_ARC = YES;
				CLANG_WARN_BOOL_CONVERSION = YES;
				CLANG_WARN_CONSTANT_CONVERSION = YES;
				CLANG_WARN_DIRECT_OBJC_ISA_USAGE = YES_ERROR;
				CLANG_WARN_DOCUMENTATION_COMMENTS = YES;
				CLANG_WARN_EMPTY_BODY = YES;
				CLANG_WARN_ENUM_CONVERSION = YES;
				CLANG_WARN_INFINITE_RECURSION = YES;
				CLANG_WARN_INT_CONVERSION = YES;
				CLANG_WARN_OBJC_ROOT_CLASS = YES_ERROR;
				CLANG_WARN_SUSPICIOUS_MOVE = YES;
				CLANG_WARN_UNREACHABLE_CODE = YES;
				CLANG_WARN__DUPLICATE_METHOD_MATCH = YES;
				"CODE_SIGN_IDENTITY[sdk=iphoneos*]" = "iPhone Developer";
				COPY_PHASE_STRIP = NO;
				DEBUG_INFORMATION_FORMAT = dwarf;
				ENABLE_STRICT_OBJC_MSGSEND = YES;
				ENABLE_TESTABILITY = YES;
				GCC_C_LANGUAGE_STANDARD = gnu99;
				GCC_DYNAMIC_NO_PIC = NO;
				GCC_NO_COMMON_BLOCKS = YES;
				GCC_OPTIMIZATION_LEVEL = 0;
				GCC_PREPROCESSOR_DEFINITIONS = (
					"DEBUG=1",
					"$(inherited)",
				);
				GCC_WARN_64_TO_32_BIT_CONVERSION = YES;
				GCC_WARN_ABOUT_RETURN_TYPE = YES_ERROR;
				GCC_WARN_UNDECLARED_SELECTOR = YES;
				GCC_WARN_UNINITIALIZED_AUTOS = YES_AGGRESSIVE;
				GCC_WARN_UNUSED_FUNCTION = YES;
				GCC_WARN_UNUSED_VARIABLE = YES;
				IPHONEOS_DEPLOYMENT_TARGET = 10.3;
				MTL_ENABLE_DEBUG_INFO = YES;
				ONLY_ACTIVE_ARCH = YES;
				SDKROOT = iphoneos;
				SWIFT_ACTIVE_COMPILATION_CONDITIONS = DEBUG;
				SWIFT_OPTIMIZATION_LEVEL = "-Onone";
			};
			name = Debug;
		};
		CDA0BB1E1FEE38570017B765 /* Release */ = {
			isa = XCBuildConfiguration;
			buildSettings = {
				ALWAYS_SEARCH_USER_PATHS = NO;
				CLANG_ANALYZER_NONNULL = YES;
				CLANG_ANALYZER_NUMBER_OBJECT_CONVERSION = YES_AGGRESSIVE;
				CLANG_CXX_LANGUAGE_STANDARD = "gnu++0x";
				CLANG_CXX_LIBRARY = "libc++";
				CLANG_ENABLE_MODULES = YES;
				CLANG_ENABLE_OBJC_ARC = YES;
				CLANG_WARN_BOOL_CONVERSION = YES;
				CLANG_WARN_CONSTANT_CONVERSION = YES;
				CLANG_WARN_DIRECT_OBJC_ISA_USAGE = YES_ERROR;
				CLANG_WARN_DOCUMENTATION_COMMENTS = YES;
				CLANG_WARN_EMPTY_BODY = YES;
				CLANG_WARN_ENUM_CONVERSION = YES;
				CLANG_WARN_INFINITE_RECURSION = YES;
				CLANG_WARN_INT_CONVERSION = YES;
				CLANG_WARN_OBJC_ROOT_CLASS = YES_ERROR;
				CLANG_WARN_SUSPICIOUS_MOVE = YES;
				CLANG_WARN_UNREACHABLE_CODE = YES;
				CLANG_WARN__DUPLICATE_METHOD_MATCH = YES;
				"CODE_SIGN_IDENTITY[sdk=iphoneos*]" = "iPhone Developer";
				COPY_PHASE_STRIP = NO;
				DEBUG_INFORMATION_FORMAT = "dwarf-with-dsym";
				ENABLE_NS_ASSERTIONS = NO;
				ENABLE_STRICT_OBJC_MSGSEND = YES;
				GCC_C_LANGUAGE_STANDARD = gnu99;
				GCC_NO_COMMON_BLOCKS = YES;
				GCC_WARN_64_TO_32_BIT_CONVERSION = YES;
				GCC_WARN_ABOUT_RETURN_TYPE = YES_ERROR;
				GCC_WARN_UNDECLARED_SELECTOR = YES;
				GCC_WARN_UNINITIALIZED_AUTOS = YES_AGGRESSIVE;
				GCC_WARN_UNUSED_FUNCTION = YES;
				GCC_WARN_UNUSED_VARIABLE = YES;
				IPHONEOS_DEPLOYMENT_TARGET = 10.3;
				MTL_ENABLE_DEBUG_INFO = NO;
				SDKROOT = iphoneos;
				SWIFT_OPTIMIZATION_LEVEL = "-Owholemodule";
				VALIDATE_PRODUCT = YES;
			};
			name = Release;
		};
		CDA0BB201FEE38570017B765 /* Debug */ = {
			isa = XCBuildConfiguration;
			buildSettings = {
				ASSETCATALOG_COMPILER_APPICON_NAME = AppIcon;
				INFOPLIST_FILE = PrettyDog/Info.plist;
				LD_RUNPATH_SEARCH_PATHS = "$(inherited) @executable_path/Frameworks";
				PRODUCT_BUNDLE_IDENTIFIER = swu.ac.kr.PrettyDog;
				PRODUCT_NAME = "$(TARGET_NAME)";
				SWIFT_VERSION = 3.0;
			};
			name = Debug;
		};
		CDA0BB211FEE38570017B765 /* Release */ = {
			isa = XCBuildConfiguration;
			buildSettings = {
				ASSETCATALOG_COMPILER_APPICON_NAME = AppIcon;
				INFOPLIST_FILE = PrettyDog/Info.plist;
				LD_RUNPATH_SEARCH_PATHS = "$(inherited) @executable_path/Frameworks";
				PRODUCT_BUNDLE_IDENTIFIER = swu.ac.kr.PrettyDog;
				PRODUCT_NAME = "$(TARGET_NAME)";
				SWIFT_VERSION = 3.0;
			};
			name = Release;
		};
/* End XCBuildConfiguration section */

/* Begin XCConfigurationList section */
		CDA0BB051FEE38570017B765 /* Build configuration list for PBXProject "PrettyDog" */ = {
			isa = XCConfigurationList;
			buildConfigurations = (
				CDA0BB1D1FEE38570017B765 /* Debug */,
				CDA0BB1E1FEE38570017B765 /* Release */,
			);
			defaultConfigurationIsVisible = 0;
			defaultConfigurationName = Release;
		};
		CDA0BB1F1FEE38570017B765 /* Build configuration list for PBXNativeTarget "PrettyDog" */ = {
			isa = XCConfigurationList;
			buildConfigurations = (
				CDA0BB201FEE38570017B765 /* Debug */,
				CDA0BB211FEE38570017B765 /* Release */,
			);
			defaultConfigurationIsVisible = 0;
		};
/* End XCConfigurationList section */

/* Begin XCVersionGroup section */
		CDA0BB141FEE38570017B765 /* PrettyDog.xcdatamodeld */ = {
			isa = XCVersionGroup;
			children = (
				CDA0BB151FEE38570017B765 /* PrettyDog.xcdatamodel */,
			);
			currentVersion = CDA0BB151FEE38570017B765 /* PrettyDog.xcdatamodel */;
			path = PrettyDog.xcdatamodeld;
			sourceTree = "<group>";
			versionGroupType = wrapper.xcdatamodel;
		};
/* End XCVersionGroup section */
	};
	rootObject = CDA0BB021FEE38570017B765 /* Project object */;
}
